
Microsoft Visual Studio Solution File, Format Version 12.00
# Visual Studio Version 17
VisualStudioVersion = 17.0.31903.59
MinimumVisualStudioVersion = 10.0.40219.1
Project("{2150E333-8FDC-42A3-9474-1A3956D46DE8}") = "src", "src", "{827E0CD3-B72D-47B6-A68D-7590B98EB39B}"
EndProject
Project("{FAE04EC0-301F-11D3-BF4B-00C04F79EFBC}") = "Api", "src\Api\Api.csproj", "{F73E9D2E-CCEE-4ED6-9108-5E2831384272}"
EndProject
Project("{FAE04EC0-301F-11D3-BF4B-00C04F79EFBC}") = "Application", "src\Application\Application.csproj", "{12F93E99-08CB-4258-BA68-95FE9D529946}"
EndProject
Project("{FAE04EC0-301F-11D3-BF4B-00C04F79EFBC}") = "BackgroundWorkers", "src\BackgroundWorkers\BackgroundWorkers.csproj", "{5228D842-6C15-4663-AB3B-9D144E6EB664}"
EndProject
Project("{FAE04EC0-301F-11D3-BF4B-00C04F79EFBC}") = "Domain", "src\Domain\Domain.csproj", "{3D99ADEA-1600-464E-93F6-ED67A62A8241}"
EndProject
Project("{FAE04EC0-301F-11D3-BF4B-00C04F79EFBC}") = "Infrastructure", "src\Infrastructure\Infrastructure.csproj", "{61C75530-DC51-4526-85BA-3CC1CD103765}"
EndProject
Project("{FAE04EC0-301F-11D3-BF4B-00C04F79EFBC}") = "Migrations", "src\Migrations\Migrations.csproj", "{4577D6AB-12F0-41D4-88E2-6F6AA88262C8}"
EndProject
Project("{2150E333-8FDC-42A3-9474-1A3956D46DE8}") = "tests", "tests", "{0AB3BF05-4346-4AA6-1389-037BE0695223}"
EndProject
Project("{FAE04EC0-301F-11D3-BF4B-00C04F79EFBC}") = "Api.Tests", "tests\Api.Tests\Api.Tests.csproj", "{AE23D87B-0417-4B94-A96F-CC0513177181}"
EndProject
Project("{FAE04EC0-301F-11D3-BF4B-00C04F79EFBC}") = "Infrastructure.Tests", "tests\Infrastructure.Tests\Infrastructure.Tests.csproj", "{A490B814-7DDA-4A43-8308-38B638083DEA}"
EndProject
Project("{FAE04EC0-301F-11D3-BF4B-00C04F79EFBC}") = "Web", "src\Web\Web.csproj", "{A7EAAFAB-C3F8-4A08-B893-3536D2241526}"
EndProject
Project("{FAE04EC0-301F-11D3-BF4B-00C04F79EFBC}") = "Dashboard", "src\Dashboard\Dashboard.csproj", "{5E8CA5E8-A960-47EB-A8A7-F24219DD369A}"
EndProject
Global
	GlobalSection(SolutionConfigurationPlatforms) = preSolution
		Debug|Any CPU = Debug|Any CPU
		Debug|x64 = Debug|x64
		Debug|x86 = Debug|x86
		Release|Any CPU = Release|Any CPU
		Release|x64 = Release|x64
		Release|x86 = Release|x86
	EndGlobalSection
	GlobalSection(ProjectConfigurationPlatforms) = postSolution
		{F73E9D2E-CCEE-4ED6-9108-5E2831384272}.Debug|Any CPU.ActiveCfg = Debug|Any CPU
		{F73E9D2E-CCEE-4ED6-9108-5E2831384272}.Debug|Any CPU.Build.0 = Debug|Any CPU
		{F73E9D2E-CCEE-4ED6-9108-5E2831384272}.Debug|x64.ActiveCfg = Debug|Any CPU
		{F73E9D2E-CCEE-4ED6-9108-5E2831384272}.Debug|x64.Build.0 = Debug|Any CPU
		{F73E9D2E-CCEE-4ED6-9108-5E2831384272}.Debug|x86.ActiveCfg = Debug|Any CPU
		{F73E9D2E-CCEE-4ED6-9108-5E2831384272}.Debug|x86.Build.0 = Debug|Any CPU
		{F73E9D2E-CCEE-4ED6-9108-5E2831384272}.Release|Any CPU.ActiveCfg = Release|Any CPU
		{F73E9D2E-CCEE-4ED6-9108-5E2831384272}.Release|Any CPU.Build.0 = Release|Any CPU
		{F73E9D2E-CCEE-4ED6-9108-5E2831384272}.Release|x64.ActiveCfg = Release|Any CPU
		{F73E9D2E-CCEE-4ED6-9108-5E2831384272}.Release|x64.Build.0 = Release|Any CPU
		{F73E9D2E-CCEE-4ED6-9108-5E2831384272}.Release|x86.ActiveCfg = Release|Any CPU
		{F73E9D2E-CCEE-4ED6-9108-5E2831384272}.Release|x86.Build.0 = Release|Any CPU
		{12F93E99-08CB-4258-BA68-95FE9D529946}.Debug|Any CPU.ActiveCfg = Debug|Any CPU
		{12F93E99-08CB-4258-BA68-95FE9D529946}.Debug|Any CPU.Build.0 = Debug|Any CPU
		{12F93E99-08CB-4258-BA68-95FE9D529946}.Debug|x64.ActiveCfg = Debug|Any CPU
		{12F93E99-08CB-4258-BA68-95FE9D529946}.Debug|x64.Build.0 = Debug|Any CPU
		{12F93E99-08CB-4258-BA68-95FE9D529946}.Debug|x86.ActiveCfg = Debug|Any CPU
		{12F93E99-08CB-4258-BA68-95FE9D529946}.Debug|x86.Build.0 = Debug|Any CPU
		{12F93E99-08CB-4258-BA68-95FE9D529946}.Release|Any CPU.ActiveCfg = Release|Any CPU
		{12F93E99-08CB-4258-BA68-95FE9D529946}.Release|Any CPU.Build.0 = Release|Any CPU
		{12F93E99-08CB-4258-BA68-95FE9D529946}.Release|x64.ActiveCfg = Release|Any CPU
		{12F93E99-08CB-4258-BA68-95FE9D529946}.Release|x64.Build.0 = Release|Any CPU
		{12F93E99-08CB-4258-BA68-95FE9D529946}.Release|x86.ActiveCfg = Release|Any CPU
		{12F93E99-08CB-4258-BA68-95FE9D529946}.Release|x86.Build.0 = Release|Any CPU
		{5228D842-6C15-4663-AB3B-9D144E6EB664}.Debug|Any CPU.ActiveCfg = Debug|Any CPU
		{5228D842-6C15-4663-AB3B-9D144E6EB664}.Debug|Any CPU.Build.0 = Debug|Any CPU
		{5228D842-6C15-4663-AB3B-9D144E6EB664}.Debug|x64.ActiveCfg = Debug|Any CPU
		{5228D842-6C15-4663-AB3B-9D144E6EB664}.Debug|x64.Build.0 = Debug|Any CPU
		{5228D842-6C15-4663-AB3B-9D144E6EB664}.Debug|x86.ActiveCfg = Debug|Any CPU
		{5228D842-6C15-4663-AB3B-9D144E6EB664}.Debug|x86.Build.0 = Debug|Any CPU
		{5228D842-6C15-4663-AB3B-9D144E6EB664}.Release|Any CPU.ActiveCfg = Release|Any CPU
		{5228D842-6C15-4663-AB3B-9D144E6EB664}.Release|Any CPU.Build.0 = Release|Any CPU
		{5228D842-6C15-4663-AB3B-9D144E6EB664}.Release|x64.ActiveCfg = Release|Any CPU
		{5228D842-6C15-4663-AB3B-9D144E6EB664}.Release|x64.Build.0 = Release|Any CPU
		{5228D842-6C15-4663-AB3B-9D144E6EB664}.Release|x86.ActiveCfg = Release|Any CPU
		{5228D842-6C15-4663-AB3B-9D144E6EB664}.Release|x86.Build.0 = Release|Any CPU
		{3D99ADEA-1600-464E-93F6-ED67A62A8241}.Debug|Any CPU.ActiveCfg = Debug|Any CPU
		{3D99ADEA-1600-464E-93F6-ED67A62A8241}.Debug|Any CPU.Build.0 = Debug|Any CPU
		{3D99ADEA-1600-464E-93F6-ED67A62A8241}.Debug|x64.ActiveCfg = Debug|Any CPU
		{3D99ADEA-1600-464E-93F6-ED67A62A8241}.Debug|x64.Build.0 = Debug|Any CPU
		{3D99ADEA-1600-464E-93F6-ED67A62A8241}.Debug|x86.ActiveCfg = Debug|Any CPU
		{3D99ADEA-1600-464E-93F6-ED67A62A8241}.Debug|x86.Build.0 = Debug|Any CPU
		{3D99ADEA-1600-464E-93F6-ED67A62A8241}.Release|Any CPU.ActiveCfg = Release|Any CPU
		{3D99ADEA-1600-464E-93F6-ED67A62A8241}.Release|Any CPU.Build.0 = Release|Any CPU
		{3D99ADEA-1600-464E-93F6-ED67A62A8241}.Release|x64.ActiveCfg = Release|Any CPU
		{3D99ADEA-1600-464E-93F6-ED67A62A8241}.Release|x64.Build.0 = Release|Any CPU
		{3D99ADEA-1600-464E-93F6-ED67A62A8241}.Release|x86.ActiveCfg = Release|Any CPU
		{3D99ADEA-1600-464E-93F6-ED67A62A8241}.Release|x86.Build.0 = Release|Any CPU
		{61C75530-DC51-4526-85BA-3CC1CD103765}.Debug|Any CPU.ActiveCfg = Debug|Any CPU
		{61C75530-DC51-4526-85BA-3CC1CD103765}.Debug|Any CPU.Build.0 = Debug|Any CPU
		{61C75530-DC51-4526-85BA-3CC1CD103765}.Debug|x64.ActiveCfg = Debug|Any CPU
		{61C75530-DC51-4526-85BA-3CC1CD103765}.Debug|x64.Build.0 = Debug|Any CPU
		{61C75530-DC51-4526-85BA-3CC1CD103765}.Debug|x86.ActiveCfg = Debug|Any CPU
		{61C75530-DC51-4526-85BA-3CC1CD103765}.Debug|x86.Build.0 = Debug|Any CPU
		{61C75530-DC51-4526-85BA-3CC1CD103765}.Release|Any CPU.ActiveCfg = Release|Any CPU
		{61C75530-DC51-4526-85BA-3CC1CD103765}.Release|Any CPU.Build.0 = Release|Any CPU
		{61C75530-DC51-4526-85BA-3CC1CD103765}.Release|x64.ActiveCfg = Release|Any CPU
		{61C75530-DC51-4526-85BA-3CC1CD103765}.Release|x64.Build.0 = Release|Any CPU
		{61C75530-DC51-4526-85BA-3CC1CD103765}.Release|x86.ActiveCfg = Release|Any CPU
		{61C75530-DC51-4526-85BA-3CC1CD103765}.Release|x86.Build.0 = Release|Any CPU
		{4577D6AB-12F0-41D4-88E2-6F6AA88262C8}.Debug|Any CPU.ActiveCfg = Debug|Any CPU
		{4577D6AB-12F0-41D4-88E2-6F6AA88262C8}.Debug|Any CPU.Build.0 = Debug|Any CPU
		{4577D6AB-12F0-41D4-88E2-6F6AA88262C8}.Debug|x64.ActiveCfg = Debug|Any CPU
		{4577D6AB-12F0-41D4-88E2-6F6AA88262C8}.Debug|x64.Build.0 = Debug|Any CPU
		{4577D6AB-12F0-41D4-88E2-6F6AA88262C8}.Debug|x86.ActiveCfg = Debug|Any CPU
		{4577D6AB-12F0-41D4-88E2-6F6AA88262C8}.Debug|x86.Build.0 = Debug|Any CPU
		{4577D6AB-12F0-41D4-88E2-6F6AA88262C8}.Release|Any CPU.ActiveCfg = Release|Any CPU
		{4577D6AB-12F0-41D4-88E2-6F6AA88262C8}.Release|Any CPU.Build.0 = Release|Any CPU
		{4577D6AB-12F0-41D4-88E2-6F6AA88262C8}.Release|x64.ActiveCfg = Release|Any CPU
		{4577D6AB-12F0-41D4-88E2-6F6AA88262C8}.Release|x64.Build.0 = Release|Any CPU
		{4577D6AB-12F0-41D4-88E2-6F6AA88262C8}.Release|x86.ActiveCfg = Release|Any CPU
		{4577D6AB-12F0-41D4-88E2-6F6AA88262C8}.Release|x86.Build.0 = Release|Any CPU
		{AE23D87B-0417-4B94-A96F-CC0513177181}.Debug|Any CPU.ActiveCfg = Debug|Any CPU
		{AE23D87B-0417-4B94-A96F-CC0513177181}.Debug|Any CPU.Build.0 = Debug|Any CPU
		{AE23D87B-0417-4B94-A96F-CC0513177181}.Debug|x64.ActiveCfg = Debug|Any CPU
		{AE23D87B-0417-4B94-A96F-CC0513177181}.Debug|x64.Build.0 = Debug|Any CPU
		{AE23D87B-0417-4B94-A96F-CC0513177181}.Debug|x86.ActiveCfg = Debug|Any CPU
		{AE23D87B-0417-4B94-A96F-CC0513177181}.Debug|x86.Build.0 = Debug|Any CPU
		{AE23D87B-0417-4B94-A96F-CC0513177181}.Release|Any CPU.ActiveCfg = Release|Any CPU
		{AE23D87B-0417-4B94-A96F-CC0513177181}.Release|Any CPU.Build.0 = Release|Any CPU
		{AE23D87B-0417-4B94-A96F-CC0513177181}.Release|x64.ActiveCfg = Release|Any CPU
		{AE23D87B-0417-4B94-A96F-CC0513177181}.Release|x64.Build.0 = Release|Any CPU
		{AE23D87B-0417-4B94-A96F-CC0513177181}.Release|x86.ActiveCfg = Release|Any CPU
		{AE23D87B-0417-4B94-A96F-CC0513177181}.Release|x86.Build.0 = Release|Any CPU
		{A490B814-7DDA-4A43-8308-38B638083DEA}.Debug|Any CPU.ActiveCfg = Debug|Any CPU
		{A490B814-7DDA-4A43-8308-38B638083DEA}.Debug|Any CPU.Build.0 = Debug|Any CPU
		{A490B814-7DDA-4A43-8308-38B638083DEA}.Debug|x64.ActiveCfg = Debug|Any CPU
		{A490B814-7DDA-4A43-8308-38B638083DEA}.Debug|x64.Build.0 = Debug|Any CPU
		{A490B814-7DDA-4A43-8308-38B638083DEA}.Debug|x86.ActiveCfg = Debug|Any CPU
		{A490B814-7DDA-4A43-8308-38B638083DEA}.Debug|x86.Build.0 = Debug|Any CPU
		{A490B814-7DDA-4A43-8308-38B638083DEA}.Release|Any CPU.ActiveCfg = Release|Any CPU
		{A490B814-7DDA-4A43-8308-38B638083DEA}.Release|Any CPU.Build.0 = Release|Any CPU
		{A490B814-7DDA-4A43-8308-38B638083DEA}.Release|x64.ActiveCfg = Release|Any CPU
		{A490B814-7DDA-4A43-8308-38B638083DEA}.Release|x64.Build.0 = Release|Any CPU
		{A490B814-7DDA-4A43-8308-38B638083DEA}.Release|x86.ActiveCfg = Release|Any CPU
		{A490B814-7DDA-4A43-8308-38B638083DEA}.Release|x86.Build.0 = Release|Any CPU
		{A7EAAFAB-C3F8-4A08-B893-3536D2241526}.Debug|Any CPU.ActiveCfg = Debug|Any CPU
		{A7EAAFAB-C3F8-4A08-B893-3536D2241526}.Debug|Any CPU.Build.0 = Debug|Any CPU
		{A7EAAFAB-C3F8-4A08-B893-3536D2241526}.Debug|x64.ActiveCfg = Debug|Any CPU
		{A7EAAFAB-C3F8-4A08-B893-3536D2241526}.Debug|x64.Build.0 = Debug|Any CPU
		{A7EAAFAB-C3F8-4A08-B893-3536D2241526}.Debug|x86.ActiveCfg = Debug|Any CPU
		{A7EAAFAB-C3F8-4A08-B893-3536D2241526}.Debug|x86.Build.0 = Debug|Any CPU
		{A7EAAFAB-C3F8-4A08-B893-3536D2241526}.Release|Any CPU.ActiveCfg = Release|Any CPU
		{A7EAAFAB-C3F8-4A08-B893-3536D2241526}.Release|Any CPU.Build.0 = Release|Any CPU
		{A7EAAFAB-C3F8-4A08-B893-3536D2241526}.Release|x64.ActiveCfg = Release|Any CPU
		{A7EAAFAB-C3F8-4A08-B893-3536D2241526}.Release|x64.Build.0 = Release|Any CPU
		{A7EAAFAB-C3F8-4A08-B893-3536D2241526}.Release|x86.ActiveCfg = Release|Any CPU
		{A7EAAFAB-C3F8-4A08-B893-3536D2241526}.Release|x86.Build.0 = Release|Any CPU
		{5E8CA5E8-A960-47EB-A8A7-F24219DD369A}.Debug|Any CPU.ActiveCfg = Debug|Any CPU
		{5E8CA5E8-A960-47EB-A8A7-F24219DD369A}.Debug|Any CPU.Build.0 = Debug|Any CPU
		{5E8CA5E8-A960-47EB-A8A7-F24219DD369A}.Debug|x64.ActiveCfg = Debug|Any CPU
		{5E8CA5E8-A960-47EB-A8A7-F24219DD369A}.Debug|x64.Build.0 = Debug|Any CPU
		{5E8CA5E8-A960-47EB-A8A7-F24219DD369A}.Debug|x86.ActiveCfg = Debug|Any CPU
		{5E8CA5E8-A960-47EB-A8A7-F24219DD369A}.Debug|x86.Build.0 = Debug|Any CPU
		{5E8CA5E8-A960-47EB-A8A7-F24219DD369A}.Release|Any CPU.ActiveCfg = Release|Any CPU
		{5E8CA5E8-A960-47EB-A8A7-F24219DD369A}.Release|Any CPU.Build.0 = Release|Any CPU
		{5E8CA5E8-A960-47EB-A8A7-F24219DD369A}.Release|x64.ActiveCfg = Release|Any CPU
		{5E8CA5E8-A960-47EB-A8A7-F24219DD369A}.Release|x64.Build.0 = Release|Any CPU
		{5E8CA5E8-A960-47EB-A8A7-F24219DD369A}.Release|x86.ActiveCfg = Release|Any CPU
		{5E8CA5E8-A960-47EB-A8A7-F24219DD369A}.Release|x86.Build.0 = Release|Any CPU
	EndGlobalSection
	GlobalSection(SolutionProperties) = preSolution
		HideSolutionNode = FALSE
	EndGlobalSection
	GlobalSection(NestedProjects) = preSolution
		{F73E9D2E-CCEE-4ED6-9108-5E2831384272} = {827E0CD3-B72D-47B6-A68D-7590B98EB39B}
		{12F93E99-08CB-4258-BA68-95FE9D529946} = {827E0CD3-B72D-47B6-A68D-7590B98EB39B}
		{5228D842-6C15-4663-AB3B-9D144E6EB664} = {827E0CD3-B72D-47B6-A68D-7590B98EB39B}
		{3D99ADEA-1600-464E-93F6-ED67A62A8241} = {827E0CD3-B72D-47B6-A68D-7590B98EB39B}
		{61C75530-DC51-4526-85BA-3CC1CD103765} = {827E0CD3-B72D-47B6-A68D-7590B98EB39B}
		{4577D6AB-12F0-41D4-88E2-6F6AA88262C8} = {827E0CD3-B72D-47B6-A68D-7590B98EB39B}
		{AE23D87B-0417-4B94-A96F-CC0513177181} = {0AB3BF05-4346-4AA6-1389-037BE0695223}
		{A490B814-7DDA-4A43-8308-38B638083DEA} = {0AB3BF05-4346-4AA6-1389-037BE0695223}
		{A7EAAFAB-C3F8-4A08-B893-3536D2241526} = {827E0CD3-B72D-47B6-A68D-7590B98EB39B}
		{5E8CA5E8-A960-47EB-A8A7-F24219DD369A} = {827E0CD3-B72D-47B6-A68D-7590B98EB39B}
	EndGlobalSection
EndGlobal
